// !$*UTF8*$!
{
	archiveVersion = 1;
	classes = {
	};
	objectVersion = 46;
	objects = {

/* Begin PBXBuildFile section */
		43318FA01C0EF23C009AE30C /* AppDelegate.swift in Sources */ = {isa = PBXBuildFile; fileRef = 43318F9F1C0EF23C009AE30C /* AppDelegate.swift */; };
		43318FA71C0EF23C009AE30C /* Assets.xcassets in Resources */ = {isa = PBXBuildFile; fileRef = 43318FA61C0EF23C009AE30C /* Assets.xcassets */; };
		43318FAA1C0EF23C009AE30C /* LaunchScreen.storyboard in Resources */ = {isa = PBXBuildFile; fileRef = 43318FA81C0EF23C009AE30C /* LaunchScreen.storyboard */; };
		43318FB51C0EF23C009AE30C /* PizzaWatchTests.swift in Sources */ = {isa = PBXBuildFile; fileRef = 43318FB41C0EF23C009AE30C /* PizzaWatchTests.swift */; };
		43318FBA1C0EF23D009AE30C /* PizzaWatch WatchKit App.app in Embed Watch Content */ = {isa = PBXBuildFile; fileRef = 43318FB91C0EF23D009AE30C /* PizzaWatch WatchKit App.app */; };
		43318FC01C0EF23D009AE30C /* Interface.storyboard in Resources */ = {isa = PBXBuildFile; fileRef = 43318FBE1C0EF23D009AE30C /* Interface.storyboard */; };
		43318FC21C0EF23D009AE30C /* Assets.xcassets in Resources */ = {isa = PBXBuildFile; fileRef = 43318FC11C0EF23D009AE30C /* Assets.xcassets */; };
		43318FC91C0EF23D009AE30C /* PizzaWatch WatchKit Extension.appex in Embed App Extensions */ = {isa = PBXBuildFile; fileRef = 43318FC81C0EF23D009AE30C /* PizzaWatch WatchKit Extension.appex */; settings = {ATTRIBUTES = (RemoveHeadersOnCopy, ); }; };
		43318FD01C0EF23D009AE30C /* InterfaceController.swift in Sources */ = {isa = PBXBuildFile; fileRef = 43318FCF1C0EF23D009AE30C /* InterfaceController.swift */; };
		43318FD21C0EF23D009AE30C /* ExtensionDelegate.swift in Sources */ = {isa = PBXBuildFile; fileRef = 43318FD11C0EF23D009AE30C /* ExtensionDelegate.swift */; };
		43318FD41C0EF23D009AE30C /* NotificationController.swift in Sources */ = {isa = PBXBuildFile; fileRef = 43318FD31C0EF23D009AE30C /* NotificationController.swift */; };
		43318FD61C0EF23D009AE30C /* Assets.xcassets in Resources */ = {isa = PBXBuildFile; fileRef = 43318FD51C0EF23D009AE30C /* Assets.xcassets */; };
		43318FEE1C0EFC77009AE30C /* ConfirmarViewController.swift in Sources */ = {isa = PBXBuildFile; fileRef = 43318FE81C0EFC77009AE30C /* ConfirmarViewController.swift */; settings = {ASSET_TAGS = (); }; };
		43318FEF1C0EFC77009AE30C /* Pizza.swift in Sources */ = {isa = PBXBuildFile; fileRef = 43318FE91C0EFC77009AE30C /* Pizza.swift */; settings = {ASSET_TAGS = (); }; };
		43318FF01C0EFC77009AE30C /* SeleccionaIngredientesViewController.swift in Sources */ = {isa = PBXBuildFile; fileRef = 43318FEA1C0EFC77009AE30C /* SeleccionaIngredientesViewController.swift */; settings = {ASSET_TAGS = (); }; };
		43318FF11C0EFC77009AE30C /* SeleccionaMasaViewController.swift in Sources */ = {isa = PBXBuildFile; fileRef = 43318FEB1C0EFC77009AE30C /* SeleccionaMasaViewController.swift */; settings = {ASSET_TAGS = (); }; };
		43318FF21C0EFC77009AE30C /* SeleccionaQuesoViewController.swift in Sources */ = {isa = PBXBuildFile; fileRef = 43318FEC1C0EFC77009AE30C /* SeleccionaQuesoViewController.swift */; settings = {ASSET_TAGS = (); }; };
		43318FF31C0EFC77009AE30C /* SeleccionaTamanhoViewController.swift in Sources */ = {isa = PBXBuildFile; fileRef = 43318FED1C0EFC77009AE30C /* SeleccionaTamanhoViewController.swift */; settings = {ASSET_TAGS = (); }; };
		43318FF51C0EFCAD009AE30C /* Main.storyboard in Resources */ = {isa = PBXBuildFile; fileRef = 43318FF41C0EFCAD009AE30C /* Main.storyboard */; settings = {ASSET_TAGS = (); }; };
/* End PBXBuildFile section */

/* Begin PBXContainerItemProxy section */
		43318FB11C0EF23C009AE30C /* PBXContainerItemProxy */ = {
			isa = PBXContainerItemProxy;
			containerPortal = 43318F941C0EF23B009AE30C /* Project object */;
			proxyType = 1;
			remoteGlobalIDString = 43318F9B1C0EF23C009AE30C;
			remoteInfo = PizzaWatch;
		};
		43318FBB1C0EF23D009AE30C /* PBXContainerItemProxy */ = {
			isa = PBXContainerItemProxy;
			containerPortal = 43318F941C0EF23B009AE30C /* Project object */;
			proxyType = 1;
			remoteGlobalIDString = 43318FB81C0EF23D009AE30C;
			remoteInfo = "PizzaWatch WatchKit App";
		};
		43318FCA1C0EF23D009AE30C /* PBXContainerItemProxy */ = {
			isa = PBXContainerItemProxy;
			containerPortal = 43318F941C0EF23B009AE30C /* Project object */;
			proxyType = 1;
			remoteGlobalIDString = 43318FC71C0EF23D009AE30C;
			remoteInfo = "PizzaWatch WatchKit Extension";
		};
/* End PBXContainerItemProxy section */

/* Begin PBXCopyFilesBuildPhase section */
		43318FDD1C0EF23D009AE30C /* Embed App Extensions */ = {
			isa = PBXCopyFilesBuildPhase;
			buildActionMask = 2147483647;
			dstPath = "";
			dstSubfolderSpec = 13;
			files = (
				43318FC91C0EF23D009AE30C /* PizzaWatch WatchKit Extension.appex in Embed App Extensions */,
			);
			name = "Embed App Extensions";
			runOnlyForDeploymentPostprocessing = 0;
		};
		43318FE11C0EF23D009AE30C /* Embed Watch Content */ = {
			isa = PBXCopyFilesBuildPhase;
			buildActionMask = 2147483647;
			dstPath = "$(CONTENTS_FOLDER_PATH)/Watch";
			dstSubfolderSpec = 16;
			files = (
				43318FBA1C0EF23D009AE30C /* PizzaWatch WatchKit App.app in Embed Watch Content */,
			);
			name = "Embed Watch Content";
			runOnlyForDeploymentPostprocessing = 0;
		};
/* End PBXCopyFilesBuildPhase section */

/* Begin PBXFileReference section */
		43318F9C1C0EF23C009AE30C /* PizzaWatch.app */ = {isa = PBXFileReference; explicitFileType = wrapper.application; includeInIndex = 0; path = PizzaWatch.app; sourceTree = BUILT_PRODUCTS_DIR; };
		43318F9F1C0EF23C009AE30C /* AppDelegate.swift */ = {isa = PBXFileReference; lastKnownFileType = sourcecode.swift; path = AppDelegate.swift; sourceTree = "<group>"; };
		43318FA61C0EF23C009AE30C /* Assets.xcassets */ = {isa = PBXFileReference; lastKnownFileType = folder.assetcatalog; path = Assets.xcassets; sourceTree = "<group>"; };
		43318FA91C0EF23C009AE30C /* Base */ = {isa = PBXFileReference; lastKnownFileType = file.storyboard; name = Base; path = Base.lproj/LaunchScreen.storyboard; sourceTree = "<group>"; };
		43318FAB1C0EF23C009AE30C /* Info.plist */ = {isa = PBXFileReference; lastKnownFileType = text.plist.xml; path = Info.plist; sourceTree = "<group>"; };
		43318FB01C0EF23C009AE30C /* PizzaWatchTests.xctest */ = {isa = PBXFileReference; explicitFileType = wrapper.cfbundle; includeInIndex = 0; path = PizzaWatchTests.xctest; sourceTree = BUILT_PRODUCTS_DIR; };
		43318FB41C0EF23C009AE30C /* PizzaWatchTests.swift */ = {isa = PBXFileReference; lastKnownFileType = sourcecode.swift; path = PizzaWatchTests.swift; sourceTree = "<group>"; };
		43318FB61C0EF23C009AE30C /* Info.plist */ = {isa = PBXFileReference; lastKnownFileType = text.plist.xml; path = Info.plist; sourceTree = "<group>"; };
		43318FB91C0EF23D009AE30C /* PizzaWatch WatchKit App.app */ = {isa = PBXFileReference; explicitFileType = wrapper.application; includeInIndex = 0; path = "PizzaWatch WatchKit App.app"; sourceTree = BUILT_PRODUCTS_DIR; };
		43318FBF1C0EF23D009AE30C /* Base */ = {isa = PBXFileReference; lastKnownFileType = file.storyboard; name = Base; path = Base.lproj/Interface.storyboard; sourceTree = "<group>"; };
		43318FC11C0EF23D009AE30C /* Assets.xcassets */ = {isa = PBXFileReference; lastKnownFileType = folder.assetcatalog; path = Assets.xcassets; sourceTree = "<group>"; };
		43318FC31C0EF23D009AE30C /* Info.plist */ = {isa = PBXFileReference; lastKnownFileType = text.plist.xml; path = Info.plist; sourceTree = "<group>"; };
		43318FC81C0EF23D009AE30C /* PizzaWatch WatchKit Extension.appex */ = {isa = PBXFileReference; explicitFileType = "wrapper.app-extension"; includeInIndex = 0; path = "PizzaWatch WatchKit Extension.appex"; sourceTree = BUILT_PRODUCTS_DIR; };
		43318FCE1C0EF23D009AE30C /* PushNotificationPayload.apns */ = {isa = PBXFileReference; lastKnownFileType = text; path = PushNotificationPayload.apns; sourceTree = "<group>"; };
		43318FCF1C0EF23D009AE30C /* InterfaceController.swift */ = {isa = PBXFileReference; lastKnownFileType = sourcecode.swift; path = InterfaceController.swift; sourceTree = "<group>"; };
		43318FD11C0EF23D009AE30C /* ExtensionDelegate.swift */ = {isa = PBXFileReference; lastKnownFileType = sourcecode.swift; path = ExtensionDelegate.swift; sourceTree = "<group>"; };
		43318FD31C0EF23D009AE30C /* NotificationController.swift */ = {isa = PBXFileReference; lastKnownFileType = sourcecode.swift; path = NotificationController.swift; sourceTree = "<group>"; };
		43318FD51C0EF23D009AE30C /* Assets.xcassets */ = {isa = PBXFileReference; lastKnownFileType = folder.assetcatalog; path = Assets.xcassets; sourceTree = "<group>"; };
		43318FD71C0EF23D009AE30C /* Info.plist */ = {isa = PBXFileReference; lastKnownFileType = text.plist.xml; path = Info.plist; sourceTree = "<group>"; };
		43318FE81C0EFC77009AE30C /* ConfirmarViewController.swift */ = {isa = PBXFileReference; fileEncoding = 4; lastKnownFileType = sourcecode.swift; path = ConfirmarViewController.swift; sourceTree = "<group>"; };
		43318FE91C0EFC77009AE30C /* Pizza.swift */ = {isa = PBXFileReference; fileEncoding = 4; lastKnownFileType = sourcecode.swift; path = Pizza.swift; sourceTree = "<group>"; };
		43318FEA1C0EFC77009AE30C /* SeleccionaIngredientesViewController.swift */ = {isa = PBXFileReference; fileEncoding = 4; lastKnownFileType = sourcecode.swift; path = SeleccionaIngredientesViewController.swift; sourceTree = "<group>"; };
		43318FEB1C0EFC77009AE30C /* SeleccionaMasaViewController.swift */ = {isa = PBXFileReference; fileEncoding = 4; lastKnownFileType = sourcecode.swift; path = SeleccionaMasaViewController.swift; sourceTree = "<group>"; };
		43318FEC1C0EFC77009AE30C /* SeleccionaQuesoViewController.swift */ = {isa = PBXFileReference; fileEncoding = 4; lastKnownFileType = sourcecode.swift; path = SeleccionaQuesoViewController.swift; sourceTree = "<group>"; };
		43318FED1C0EFC77009AE30C /* SeleccionaTamanhoViewController.swift */ = {isa = PBXFileReference; fileEncoding = 4; lastKnownFileType = sourcecode.swift; path = SeleccionaTamanhoViewController.swift; sourceTree = "<group>"; };
		43318FF41C0EFCAD009AE30C /* Main.storyboard */ = {isa = PBXFileReference; fileEncoding = 4; lastKnownFileType = file.storyboard; path = Main.storyboard; sourceTree = "<group>"; };
/* End PBXFileReference section */

/* Begin PBXFrameworksBuildPhase section */
		43318F991C0EF23C009AE30C /* Frameworks */ = {
			isa = PBXFrameworksBuildPhase;
			buildActionMask = 2147483647;
			files = (
			);
			runOnlyForDeploymentPostprocessing = 0;
		};
		43318FAD1C0EF23C009AE30C /* Frameworks */ = {
			isa = PBXFrameworksBuildPhase;
			buildActionMask = 2147483647;
			files = (
			);
			runOnlyForDeploymentPostprocessing = 0;
		};
		43318FC51C0EF23D009AE30C /* Frameworks */ = {
			isa = PBXFrameworksBuildPhase;
			buildActionMask = 2147483647;
			files = (
			);
			runOnlyForDeploymentPostprocessing = 0;
		};
/* End PBXFrameworksBuildPhase section */

/* Begin PBXGroup section */
		43318F931C0EF23B009AE30C = {
			isa = PBXGroup;
			children = (
				43318F9E1C0EF23C009AE30C /* PizzaWatch */,
				43318FB31C0EF23C009AE30C /* PizzaWatchTests */,
				43318FBD1C0EF23D009AE30C /* PizzaWatch WatchKit App */,
				43318FCC1C0EF23D009AE30C /* PizzaWatch WatchKit Extension */,
				43318F9D1C0EF23C009AE30C /* Products */,
			);
			sourceTree = "<group>";
		};
		43318F9D1C0EF23C009AE30C /* Products */ = {
			isa = PBXGroup;
			children = (
				43318F9C1C0EF23C009AE30C /* PizzaWatch.app */,
				43318FB01C0EF23C009AE30C /* PizzaWatchTests.xctest */,
				43318FB91C0EF23D009AE30C /* PizzaWatch WatchKit App.app */,
				43318FC81C0EF23D009AE30C /* PizzaWatch WatchKit Extension.appex */,
			);
			name = Products;
			sourceTree = "<group>";
		};
		43318F9E1C0EF23C009AE30C /* PizzaWatch */ = {
			isa = PBXGroup;
			children = (
				43318FE91C0EFC77009AE30C /* Pizza.swift */,
				43318FF41C0EFCAD009AE30C /* Main.storyboard */,
				43318FEA1C0EFC77009AE30C /* SeleccionaIngredientesViewController.swift */,
				43318FEB1C0EFC77009AE30C /* SeleccionaMasaViewController.swift */,
				43318FEC1C0EFC77009AE30C /* SeleccionaQuesoViewController.swift */,
				43318FED1C0EFC77009AE30C /* SeleccionaTamanhoViewController.swift */,
				43318FE81C0EFC77009AE30C /* ConfirmarViewController.swift */,
				43318F9F1C0EF23C009AE30C /* AppDelegate.swift */,
				43318FA61C0EF23C009AE30C /* Assets.xcassets */,
				43318FA81C0EF23C009AE30C /* LaunchScreen.storyboard */,
				43318FAB1C0EF23C009AE30C /* Info.plist */,
			);
			path = PizzaWatch;
			sourceTree = "<group>";
		};
		43318FB31C0EF23C009AE30C /* PizzaWatchTests */ = {
			isa = PBXGroup;
			children = (
				43318FB41C0EF23C009AE30C /* PizzaWatchTests.swift */,
				43318FB61C0EF23C009AE30C /* Info.plist */,
			);
			path = PizzaWatchTests;
			sourceTree = "<group>";
		};
		43318FBD1C0EF23D009AE30C /* PizzaWatch WatchKit App */ = {
			isa = PBXGroup;
			children = (
				43318FBE1C0EF23D009AE30C /* Interface.storyboard */,
				43318FC11C0EF23D009AE30C /* Assets.xcassets */,
				43318FC31C0EF23D009AE30C /* Info.plist */,
			);
			path = "PizzaWatch WatchKit App";
			sourceTree = "<group>";
		};
		43318FCC1C0EF23D009AE30C /* PizzaWatch WatchKit Extension */ = {
			isa = PBXGroup;
			children = (
				43318FCF1C0EF23D009AE30C /* InterfaceController.swift */,
				43318FD11C0EF23D009AE30C /* ExtensionDelegate.swift */,
				43318FD31C0EF23D009AE30C /* NotificationController.swift */,
				43318FD51C0EF23D009AE30C /* Assets.xcassets */,
				43318FD71C0EF23D009AE30C /* Info.plist */,
				43318FCD1C0EF23D009AE30C /* Supporting Files */,
			);
			path = "PizzaWatch WatchKit Extension";
			sourceTree = "<group>";
		};
		43318FCD1C0EF23D009AE30C /* Supporting Files */ = {
			isa = PBXGroup;
			children = (
				43318FCE1C0EF23D009AE30C /* PushNotificationPayload.apns */,
			);
			name = "Supporting Files";
			sourceTree = "<group>";
		};
/* End PBXGroup section */

/* Begin PBXNativeTarget section */
		43318F9B1C0EF23C009AE30C /* PizzaWatch */ = {
			isa = PBXNativeTarget;
			buildConfigurationList = 43318FE21C0EF23D009AE30C /* Build configuration list for PBXNativeTarget "PizzaWatch" */;
			buildPhases = (
				43318F981C0EF23C009AE30C /* Sources */,
				43318F991C0EF23C009AE30C /* Frameworks */,
				43318F9A1C0EF23C009AE30C /* Resources */,
				43318FE11C0EF23D009AE30C /* Embed Watch Content */,
			);
			buildRules = (
			);
			dependencies = (
				43318FBC1C0EF23D009AE30C /* PBXTargetDependency */,
			);
			name = PizzaWatch;
			productName = PizzaWatch;
			productReference = 43318F9C1C0EF23C009AE30C /* PizzaWatch.app */;
			productType = "com.apple.product-type.application";
		};
		43318FAF1C0EF23C009AE30C /* PizzaWatchTests */ = {
			isa = PBXNativeTarget;
			buildConfigurationList = 43318FE51C0EF23D009AE30C /* Build configuration list for PBXNativeTarget "PizzaWatchTests" */;
			buildPhases = (
				43318FAC1C0EF23C009AE30C /* Sources */,
				43318FAD1C0EF23C009AE30C /* Frameworks */,
				43318FAE1C0EF23C009AE30C /* Resources */,
			);
			buildRules = (
			);
			dependencies = (
				43318FB21C0EF23C009AE30C /* PBXTargetDependency */,
			);
			name = PizzaWatchTests;
			productName = PizzaWatchTests;
			productReference = 43318FB01C0EF23C009AE30C /* PizzaWatchTests.xctest */;
			productType = "com.apple.product-type.bundle.unit-test";
		};
		43318FB81C0EF23D009AE30C /* PizzaWatch WatchKit App */ = {
			isa = PBXNativeTarget;
			buildConfigurationList = 43318FDE1C0EF23D009AE30C /* Build configuration list for PBXNativeTarget "PizzaWatch WatchKit App" */;
			buildPhases = (
				43318FB71C0EF23D009AE30C /* Resources */,
				43318FDD1C0EF23D009AE30C /* Embed App Extensions */,
			);
			buildRules = (
			);
			dependencies = (
				43318FCB1C0EF23D009AE30C /* PBXTargetDependency */,
			);
			name = "PizzaWatch WatchKit App";
			productName = "PizzaWatch WatchKit App";
			productReference = 43318FB91C0EF23D009AE30C /* PizzaWatch WatchKit App.app */;
			productType = "com.apple.product-type.application.watchapp2";
		};
		43318FC71C0EF23D009AE30C /* PizzaWatch WatchKit Extension */ = {
			isa = PBXNativeTarget;
			buildConfigurationList = 43318FDA1C0EF23D009AE30C /* Build configuration list for PBXNativeTarget "PizzaWatch WatchKit Extension" */;
			buildPhases = (
				43318FC41C0EF23D009AE30C /* Sources */,
				43318FC51C0EF23D009AE30C /* Frameworks */,
				43318FC61C0EF23D009AE30C /* Resources */,
			);
			buildRules = (
			);
			dependencies = (
			);
			name = "PizzaWatch WatchKit Extension";
			productName = "PizzaWatch WatchKit Extension";
			productReference = 43318FC81C0EF23D009AE30C /* PizzaWatch WatchKit Extension.appex */;
			productType = "com.apple.product-type.watchkit2-extension";
		};
/* End PBXNativeTarget section */

/* Begin PBXProject section */
		43318F941C0EF23B009AE30C /* Project object */ = {
			isa = PBXProject;
			attributes = {
				LastUpgradeCheck = 0700;
				ORGANIZATIONNAME = Julio;
				TargetAttributes = {
					43318F9B1C0EF23C009AE30C = {
						CreatedOnToolsVersion = 7.0.1;
						DevelopmentTeam = YZ3AZV93HU;
					};
					43318FAF1C0EF23C009AE30C = {
						CreatedOnToolsVersion = 7.0.1;
						DevelopmentTeam = YZ3AZV93HU;
						TestTargetID = 43318F9B1C0EF23C009AE30C;
					};
					43318FB81C0EF23D009AE30C = {
						CreatedOnToolsVersion = 7.0.1;
						DevelopmentTeam = YZ3AZV93HU;
					};
					43318FC71C0EF23D009AE30C = {
						CreatedOnToolsVersion = 7.0.1;
						DevelopmentTeam = YZ3AZV93HU;
					};
				};
			};
			buildConfigurationList = 43318F971C0EF23B009AE30C /* Build configuration list for PBXProject "PizzaWatch" */;
			compatibilityVersion = "Xcode 3.2";
			developmentRegion = English;
			hasScannedForEncodings = 0;
			knownRegions = (
				en,
				Base,
			);
			mainGroup = 43318F931C0EF23B009AE30C;
			productRefGroup = 43318F9D1C0EF23C009AE30C /* Products */;
			projectDirPath = "";
			projectRoot = "";
			targets = (
				43318F9B1C0EF23C009AE30C /* PizzaWatch */,
				43318FAF1C0EF23C009AE30C /* PizzaWatchTests */,
				43318FB81C0EF23D009AE30C /* PizzaWatch WatchKit App */,
				43318FC71C0EF23D009AE30C /* PizzaWatch WatchKit Extension */,
			);
		};
/* End PBXProject section */

/* Begin PBXResourcesBuildPhase section */
		43318F9A1C0EF23C009AE30C /* Resources */ = {
			isa = PBXResourcesBuildPhase;
			buildActionMask = 2147483647;
			files = (
				43318FF51C0EFCAD009AE30C /* Main.storyboard in Resources */,
				43318FAA1C0EF23C009AE30C /* LaunchScreen.storyboard in Resources */,
				43318FA71C0EF23C009AE30C /* Assets.xcassets in Resources */,
			);
			runOnlyForDeploymentPostprocessing = 0;
		};
		43318FAE1C0EF23C009AE30C /* Resources */ = {
			isa = PBXResourcesBuildPhase;
			buildActionMask = 2147483647;
			files = (
			);
			runOnlyForDeploymentPostprocessing = 0;
		};
		43318FB71C0EF23D009AE30C /* Resources */ = {
			isa = PBXResourcesBuildPhase;
			buildActionMask = 2147483647;
			files = (
				43318FC21C0EF23D009AE30C /* Assets.xcassets in Resources */,
				43318FC01C0EF23D009AE30C /* Interface.storyboard in Resources */,
			);
			runOnlyForDeploymentPostprocessing = 0;
		};
		43318FC61C0EF23D009AE30C /* Resources */ = {
			isa = PBXResourcesBuildPhase;
			buildActionMask = 2147483647;
			files = (
				43318FD61C0EF23D009AE30C /* Assets.xcassets in Resources */,
			);
			runOnlyForDeploymentPostprocessing = 0;
		};
/* End PBXResourcesBuildPhase section */

/* Begin PBXSourcesBuildPhase section */
		43318F981C0EF23C009AE30C /* Sources */ = {
			isa = PBXSourcesBuildPhase;
			buildActionMask = 2147483647;
			files = (
				43318FEF1C0EFC77009AE30C /* Pizza.swift in Sources */,
				43318FF11C0EFC77009AE30C /* SeleccionaMasaViewController.swift in Sources */,
				43318FF21C0EFC77009AE30C /* SeleccionaQuesoViewController.swift in Sources */,
				43318FA01C0EF23C009AE30C /* AppDelegate.swift in Sources */,
				43318FF31C0EFC77009AE30C /* SeleccionaTamanhoViewController.swift in Sources */,
				43318FEE1C0EFC77009AE30C /* ConfirmarViewController.swift in Sources */,
				43318FF01C0EFC77009AE30C /* SeleccionaIngredientesViewController.swift in Sources */,
			);
			runOnlyForDeploymentPostprocessing = 0;
		};
		43318FAC1C0EF23C009AE30C /* Sources */ = {
			isa = PBXSourcesBuildPhase;
			buildActionMask = 2147483647;
			files = (
				43318FB51C0EF23C009AE30C /* PizzaWatchTests.swift in Sources */,
			);
			runOnlyForDeploymentPostprocessing = 0;
		};
		43318FC41C0EF23D009AE30C /* Sources */ = {
			isa = PBXSourcesBuildPhase;
			buildActionMask = 2147483647;
			files = (
				43318FD41C0EF23D009AE30C /* NotificationController.swift in Sources */,
				43318FD21C0EF23D009AE30C /* ExtensionDelegate.swift in Sources */,
				43318FD01C0EF23D009AE30C /* InterfaceController.swift in Sources */,
			);
			runOnlyForDeploymentPostprocessing = 0;
		};
/* End PBXSourcesBuildPhase section */

/* Begin PBXTargetDependency section */
		43318FB21C0EF23C009AE30C /* PBXTargetDependency */ = {
			isa = PBXTargetDependency;
			target = 43318F9B1C0EF23C009AE30C /* PizzaWatch */;
			targetProxy = 43318FB11C0EF23C009AE30C /* PBXContainerItemProxy */;
		};
		43318FBC1C0EF23D009AE30C /* PBXTargetDependency */ = {
			isa = PBXTargetDependency;
			target = 43318FB81C0EF23D009AE30C /* PizzaWatch WatchKit App */;
			targetProxy = 43318FBB1C0EF23D009AE30C /* PBXContainerItemProxy */;
		};
		43318FCB1C0EF23D009AE30C /* PBXTargetDependency */ = {
			isa = PBXTargetDependency;
			target = 43318FC71C0EF23D009AE30C /* PizzaWatch WatchKit Extension */;
			targetProxy = 43318FCA1C0EF23D009AE30C /* PBXContainerItemProxy */;
		};
/* End PBXTargetDependency section */

/* Begin PBXVariantGroup section */
		43318FA81C0EF23C009AE30C /* LaunchScreen.storyboard */ = {
			isa = PBXVariantGroup;
			children = (
				43318FA91C0EF23C009AE30C /* Base */,
			);
			name = LaunchScreen.storyboard;
			sourceTree = "<group>";
		};
		43318FBE1C0EF23D009AE30C /* Interface.storyboard */ = {
			isa = PBXVariantGroup;
			children = (
				43318FBF1C0EF23D009AE30C /* Base */,
			);
			name = Interface.storyboard;
			sourceTree = "<group>";
		};
/* End PBXVariantGroup section */

/* Begin XCBuildConfiguration section */
		43318FD81C0EF23D009AE30C /* Debug */ = {
			isa = XCBuildConfiguration;
			buildSettings = {
				ALWAYS_SEARCH_USER_PATHS = NO;
				CLANG_CXX_LANGUAGE_STANDARD = "gnu++0x";
				CLANG_CXX_LIBRARY = "libc++";
				CLANG_ENABLE_MODULES = YES;
				CLANG_ENABLE_OBJC_ARC = YES;
				CLANG_WARN_BOOL_CONVERSION = YES;
				CLANG_WARN_CONSTANT_CONVERSION = YES;
				CLANG_WARN_DIRECT_OBJC_ISA_USAGE = YES_ERROR;
				CLANG_WARN_EMPTY_BODY = YES;
				CLANG_WARN_ENUM_CONVERSION = YES;
				CLANG_WARN_INT_CONVERSION = YES;
				CLANG_WARN_OBJC_ROOT_CLASS = YES_ERROR;
				CLANG_WARN_UNREACHABLE_CODE = YES;
				CLANG_WARN__DUPLICATE_METHOD_MATCH = YES;
				"CODE_SIGN_IDENTITY[sdk=iphoneos*]" = "iPhone Developer";
				COPY_PHASE_STRIP = NO;
				DEBUG_INFORMATION_FORMAT = dwarf;
				ENABLE_STRICT_OBJC_MSGSEND = YES;
				ENABLE_TESTABILITY = YES;
				GCC_C_LANGUAGE_STANDARD = gnu99;
				GCC_DYNAMIC_NO_PIC = NO;
				GCC_NO_COMMON_BLOCKS = YES;
				GCC_OPTIMIZATION_LEVEL = 0;
				GCC_PREPROCESSOR_DEFINITIONS = (
					"DEBUG=1",
					"$(inherited)",
				);
				GCC_WARN_64_TO_32_BIT_CONVERSION = YES;
				GCC_WARN_ABOUT_RETURN_TYPE = YES_ERROR;
				GCC_WARN_UNDECLARED_SELECTOR = YES;
				GCC_WARN_UNINITIALIZED_AUTOS = YES_AGGRESSIVE;
				GCC_WARN_UNUSED_FUNCTION = YES;
				GCC_WARN_UNUSED_VARIABLE = YES;
				IPHONEOS_DEPLOYMENT_TARGET = 9.0;
				MTL_ENABLE_DEBUG_INFO = YES;
				ONLY_ACTIVE_ARCH = YES;
				SDKROOT = iphoneos;
				SWIFT_OPTIMIZATION_LEVEL = "-Onone";
				TARGETED_DEVICE_FAMILY = "1,2";
			};
			name = Debug;
		};
		43318FD91C0EF23D009AE30C /* Release */ = {
			isa = XCBuildConfiguration;
			buildSettings = {
				ALWAYS_SEARCH_USER_PATHS = NO;
				CLANG_CXX_LANGUAGE_STANDARD = "gnu++0x";
				CLANG_CXX_LIBRARY = "libc++";
				CLANG_ENABLE_MODULES = YES;
				CLANG_ENABLE_OBJC_ARC = YES;
				CLANG_WARN_BOOL_CONVERSION = YES;
				CLANG_WARN_CONSTANT_CONVERSION = YES;
				CLANG_WARN_DIRECT_OBJC_ISA_USAGE = YES_ERROR;
				CLANG_WARN_EMPTY_BODY = YES;
				CLANG_WARN_ENUM_CONVERSION = YES;
				CLANG_WARN_INT_CONVERSION = YES;
				CLANG_WARN_OBJC_ROOT_CLASS = YES_ERROR;
				CLANG_WARN_UNREACHABLE_CODE = YES;
				CLANG_WARN__DUPLICATE_METHOD_MATCH = YES;
				"CODE_SIGN_IDENTITY[sdk=iphoneos*]" = "iPhone Developer";
				COPY_PHASE_STRIP = NO;
				DEBUG_INFORMATION_FORMAT = "dwarf-with-dsym";
				ENABLE_NS_ASSERTIONS = NO;
				ENABLE_STRICT_OBJC_MSGSEND = YES;
				GCC_C_LANGUAGE_STANDARD = gnu99;
				GCC_NO_COMMON_BLOCKS = YES;
				GCC_WARN_64_TO_32_BIT_CONVERSION = YES;
				GCC_WARN_ABOUT_RETURN_TYPE = YES_ERROR;
				GCC_WARN_UNDECLARED_SELECTOR = YES;
				GCC_WARN_UNINITIALIZED_AUTOS = YES_AGGRESSIVE;
				GCC_WARN_UNUSED_FUNCTION = YES;
				GCC_WARN_UNUSED_VARIABLE = YES;
				IPHONEOS_DEPLOYMENT_TARGET = 9.0;
				MTL_ENABLE_DEBUG_INFO = NO;
				SDKROOT = iphoneos;
				TARGETED_DEVICE_FAMILY = "1,2";
				VALIDATE_PRODUCT = YES;
			};
			name = Release;
		};
		43318FDB1C0EF23D009AE30C /* Debug */ = {
			isa = XCBuildConfiguration;
			buildSettings = {
				INFOPLIST_FILE = "PizzaWatch WatchKit Extension/Info.plist";
				LD_RUNPATH_SEARCH_PATHS = "$(inherited) @executable_path/Frameworks @executable_path/../../Frameworks";
				PRODUCT_BUNDLE_IDENTIFIER = com.jugomo.PizzaWatch.watchkitapp.watchkitextension;
				PRODUCT_NAME = "${TARGET_NAME}";
				SDKROOT = watchos;
				SKIP_INSTALL = YES;
				TARGETED_DEVICE_FAMILY = 4;
				WATCHOS_DEPLOYMENT_TARGET = 2.0;
			};
			name = Debug;
		};
		43318FDC1C0EF23D009AE30C /* Release */ = {
			isa = XCBuildConfiguration;
			buildSettings = {
				INFOPLIST_FILE = "PizzaWatch WatchKit Extension/Info.plist";
				LD_RUNPATH_SEARCH_PATHS = "$(inherited) @executable_path/Frameworks @executable_path/../../Frameworks";
				PRODUCT_BUNDLE_IDENTIFIER = com.jugomo.PizzaWatch.watchkitapp.watchkitextension;
				PRODUCT_NAME = "${TARGET_NAME}";
				SDKROOT = watchos;
				SKIP_INSTALL = YES;
				TARGETED_DEVICE_FAMILY = 4;
				WATCHOS_DEPLOYMENT_TARGET = 2.0;
			};
			name = Release;
		};
		43318FDF1C0EF23D009AE30C /* Debug */ = {
			isa = XCBuildConfiguration;
			buildSettings = {
				ASSETCATALOG_COMPILER_APPICON_NAME = AppIcon;
				EMBEDDED_CONTENT_CONTAINS_SWIFT = YES;
				IBSC_MODULE = PizzaWatch_WatchKit_Extension;
				INFOPLIST_FILE = "PizzaWatch WatchKit App/Info.plist";
				PRODUCT_BUNDLE_IDENTIFIER = com.jugomo.PizzaWatch.watchkitapp;
				PRODUCT_NAME = "$(TARGET_NAME)";
				SDKROOT = watchos;
				SKIP_INSTALL = YES;
				TARGETED_DEVICE_FAMILY = 4;
				WATCHOS_DEPLOYMENT_TARGET = 2.0;
			};
			name = Debug;
		};
		43318FE01C0EF23D009AE30C /* Release */ = {
			isa = XCBuildConfiguration;
			buildSettings = {
				ASSETCATALOG_COMPILER_APPICON_NAME = AppIcon;
				EMBEDDED_CONTENT_CONTAINS_SWIFT = YES;
				IBSC_MODULE = PizzaWatch_WatchKit_Extension;
				INFOPLIST_FILE = "PizzaWatch WatchKit App/Info.plist";
				PRODUCT_BUNDLE_IDENTIFIER = com.jugomo.PizzaWatch.watchkitapp;
				PRODUCT_NAME = "$(TARGET_NAME)";
				SDKROOT = watchos;
				SKIP_INSTALL = YES;
				TARGETED_DEVICE_FAMILY = 4;
				WATCHOS_DEPLOYMENT_TARGET = 2.0;
			};
			name = Release;
		};
		43318FE31C0EF23D009AE30C /* Debug */ = {
			isa = XCBuildConfiguration;
			buildSettings = {
				ASSETCATALOG_COMPILER_APPICON_NAME = AppIcon;
				CODE_SIGN_IDENTITY = "iPhone Developer";
				INFOPLIST_FILE = PizzaWatch/Info.plist;
				IPHONEOS_DEPLOYMENT_TARGET = 9.0;
				LD_RUNPATH_SEARCH_PATHS = "$(inherited) @executable_path/Frameworks";
				PRODUCT_BUNDLE_IDENTIFIER = com.jugomo.PizzaWatch;
				PRODUCT_NAME = "$(TARGET_NAME)";
			};
			name = Debug;
		};
		43318FE41C0EF23D009AE30C /* Release */ = {
			isa = XCBuildConfiguration;
			buildSettings = {
				ASSETCATALOG_COMPILER_APPICON_NAME = AppIcon;
				CODE_SIGN_IDENTITY = "iPhone Developer";
				INFOPLIST_FILE = PizzaWatch/Info.plist;
				IPHONEOS_DEPLOYMENT_TARGET = 9.0;
				LD_RUNPATH_SEARCH_PATHS = "$(inherited) @executable_path/Frameworks";
				PRODUCT_BUNDLE_IDENTIFIER = com.jugomo.PizzaWatch;
				PRODUCT_NAME = "$(TARGET_NAME)";
			};
			name = Release;
		};
		43318FE61C0EF23D009AE30C /* Debug */ = {
			isa = XCBuildConfiguration;
			buildSettings = {
				BUNDLE_LOADER = "$(TEST_HOST)";
				INFOPLIST_FILE = PizzaWatchTests/Info.plist;
				LD_RUNPATH_SEARCH_PATHS = "$(inherited) @executable_path/Frameworks @loader_path/Frameworks";
				PRODUCT_BUNDLE_IDENTIFIER = com.jugomo.PizzaWatchTests;
				PRODUCT_NAME = "$(TARGET_NAME)";
				TEST_HOST = "$(BUILT_PRODUCTS_DIR)/PizzaWatch.app/PizzaWatch";
			};
			name = Debug;
		};
		43318FE71C0EF23D009AE30C /* Release */ = {
			isa = XCBuildConfiguration;
			buildSettings = {
				BUNDLE_LOADER = "$(TEST_HOST)";
				INFOPLIST_FILE = PizzaWatchTests/Info.plist;
				LD_RUNPATH_SEARCH_PATHS = "$(inherited) @executable_path/Frameworks @loader_path/Frameworks";
				PRODUCT_BUNDLE_IDENTIFIER = com.jugomo.PizzaWatchTests;
				PRODUCT_NAME = "$(TARGET_NAME)";
				TEST_HOST = "$(BUILT_PRODUCTS_DIR)/PizzaWatch.app/PizzaWatch";
			};
			name = Release;
		};
/* End XCBuildConfiguration section */

/* Begin XCConfigurationList section */
		43318F971C0EF23B009AE30C /* Build configuration list for PBXProject "PizzaWatch" */ = {
			isa = XCConfigurationList;
			buildConfigurations = (
				43318FD81C0EF23D009AE30C /* Debug */,
				43318FD91C0EF23D009AE30C /* Release */,
			);
			defaultConfigurationIsVisible = 0;
			defaultConfigurationName = Release;
		};
		43318FDA1C0EF23D009AE30C /* Build configuration list for PBXNativeTarget "PizzaWatch WatchKit Extension" */ = {
			isa = XCConfigurationList;
			buildConfigurations = (
				43318FDB1C0EF23D009AE30C /* Debug */,
				43318FDC1C0EF23D009AE30C /* Release */,
			);
			defaultConfigurationIsVisible = 0;
		};
		43318FDE1C0EF23D009AE30C /* Build configuration list for PBXNativeTarget "PizzaWatch WatchKit App" */ = {
			isa = XCConfigurationList;
			buildConfigurations = (
				43318FDF1C0EF23D009AE30C /* Debug */,
				43318FE01C0EF23D009AE30C /* Release */,
			);
			defaultConfigurationIsVisible = 0;
		};
		43318FE21C0EF23D009AE30C /* Build configuration list for PBXNativeTarget "PizzaWatch" */ = {
			isa = XCConfigurationList;
			buildConfigurations = (
				43318FE31C0EF23D009AE30C /* Debug */,
				43318FE41C0EF23D009AE30C /* Release */,
			);
			defaultConfigurationIsVisible = 0;
		};
		43318FE51C0EF23D009AE30C /* Build configuration list for PBXNativeTarget "PizzaWatchTests" */ = {
			isa = XCConfigurationList;
			buildConfigurations = (
				43318FE61C0EF23D009AE30C /* Debug */,
				43318FE71C0EF23D009AE30C /* Release */,
			);
			defaultConfigurationIsVisible = 0;
		};
/* End XCConfigurationList section */
	};
	rootObject = 43318F941C0EF23B009AE30C /* Project object */;
}
